
Microsoft Visual Studio Solution File, Format Version 12.00
# Visual Studio Version 16
VisualStudioVersion = 16.0.33423.256
MinimumVisualStudioVersion = 10.0.40219.1
Project("{FAE04EC0-301F-11D3-BF4B-00C04F79EFBC}") = "AulaStreamWriter", "AulaStreamWriter\AulaStreamWriter.csproj", "{CF82D1C0-E879-4A35-A004-FFE16A5373C3}"
EndProject
Global
	GlobalSection(SolutionConfigurationPlatforms) = preSolution
		Debug|Any CPU = Debug|Any CPU
		Release|Any CPU = Release|Any CPU
	EndGlobalSection
	GlobalSection(ProjectConfigurationPlatforms) = postSolution
		{CF82D1C0-E879-4A35-A004-FFE16A5373C3}.Debug|Any CPU.ActiveCfg = Debug|Any CPU
		{CF82D1C0-E879-4A35-A004-FFE16A5373C3}.Debug|Any CPU.Build.0 = Debug|Any CPU
		{CF82D1C0-E879-4A35-A004-FFE16A5373C3}.Release|Any CPU.ActiveCfg = Release|Any CPU
		{CF82D1C0-E879-4A35-A004-FFE16A5373C3}.Release|Any CPU.Build.0 = Release|Any CPU
	EndGlobalSection
	GlobalSection(SolutionProperties) = preSolution
		HideSolutionNode = FALSE
	EndGlobalSection
	GlobalSection(ExtensibilityGlobals) = postSolution
		SolutionGuid = {8D4C2176-0279-4B80-B80E-16079F1BD947}
	EndGlobalSection
EndGlobal
